
Microsoft Visual Studio Solution File, Format Version 12.00
# Visual Studio 15
VisualStudioVersion = 15.0.27004.2010
MinimumVisualStudioVersion = 10.0.40219.1
Project("{FAE04EC0-301F-11D3-BF4B-00C04F79EFBC}") = "ExtensionListView.Android", "ExtensionListView\ExtensionListView.Android\ExtensionListView.Android.csproj", "{1CB220B4-02DB-4609-B747-A22F27F13153}"
EndProject
Project("{FAE04EC0-301F-11D3-BF4B-00C04F79EFBC}") = "ExtensionListView", "ExtensionListView\ExtensionListView\ExtensionListView.csproj", "{3104ADE7-A270-42CC-AEFC-0CBE4FD28DF7}"
EndProject
Project("{FAE04EC0-301F-11D3-BF4B-00C04F79EFBC}") = "ExtensionListView.iOS", "ExtensionListView\ExtensionListView.iOS\ExtensionListView.iOS.csproj", "{FCA2B581-149A-41FE-94CD-5C28D35F3C4D}"
EndProject
Global
	GlobalSection(SolutionConfigurationPlatforms) = preSolution
		Ad-Hoc|Any CPU = Ad-Hoc|Any CPU
		Ad-Hoc|iPhone = Ad-Hoc|iPhone
		Ad-Hoc|iPhoneSimulator = Ad-Hoc|iPhoneSimulator
		AppStore|Any CPU = AppStore|Any CPU
		AppStore|iPhone = AppStore|iPhone
		AppStore|iPhoneSimulator = AppStore|iPhoneSimulator
		Debug|Any CPU = Debug|Any CPU
		Debug|iPhone = Debug|iPhone
		Debug|iPhoneSimulator = Debug|iPhoneSimulator
		Release|Any CPU = Release|Any CPU
		Release|iPhone = Release|iPhone
		Release|iPhoneSimulator = Release|iPhoneSimulator
	EndGlobalSection
	GlobalSection(ProjectConfigurationPlatforms) = postSolution
		{1CB220B4-02DB-4609-B747-A22F27F13153}.Ad-Hoc|Any CPU.ActiveCfg = Release|Any CPU
		{1CB220B4-02DB-4609-B747-A22F27F13153}.Ad-Hoc|Any CPU.Build.0 = Release|Any CPU
		{1CB220B4-02DB-4609-B747-A22F27F13153}.Ad-Hoc|Any CPU.Deploy.0 = Release|Any CPU
		{1CB220B4-02DB-4609-B747-A22F27F13153}.Ad-Hoc|iPhone.ActiveCfg = Release|Any CPU
		{1CB220B4-02DB-4609-B747-A22F27F13153}.Ad-Hoc|iPhone.Build.0 = Release|Any CPU
		{1CB220B4-02DB-4609-B747-A22F27F13153}.Ad-Hoc|iPhone.Deploy.0 = Release|Any CPU
		{1CB220B4-02DB-4609-B747-A22F27F13153}.Ad-Hoc|iPhoneSimulator.ActiveCfg = Release|Any CPU
		{1CB220B4-02DB-4609-B747-A22F27F13153}.Ad-Hoc|iPhoneSimulator.Build.0 = Release|Any CPU
		{1CB220B4-02DB-4609-B747-A22F27F13153}.Ad-Hoc|iPhoneSimulator.Deploy.0 = Release|Any CPU
		{1CB220B4-02DB-4609-B747-A22F27F13153}.AppStore|Any CPU.ActiveCfg = Release|Any CPU
		{1CB220B4-02DB-4609-B747-A22F27F13153}.AppStore|Any CPU.Build.0 = Release|Any CPU
		{1CB220B4-02DB-4609-B747-A22F27F13153}.AppStore|Any CPU.Deploy.0 = Release|Any CPU
		{1CB220B4-02DB-4609-B747-A22F27F13153}.AppStore|iPhone.ActiveCfg = Release|Any CPU
		{1CB220B4-02DB-4609-B747-A22F27F13153}.AppStore|iPhone.Build.0 = Release|Any CPU
		{1CB220B4-02DB-4609-B747-A22F27F13153}.AppStore|iPhone.Deploy.0 = Release|Any CPU
		{1CB220B4-02DB-4609-B747-A22F27F13153}.AppStore|iPhoneSimulator.ActiveCfg = Release|Any CPU
		{1CB220B4-02DB-4609-B747-A22F27F13153}.AppStore|iPhoneSimulator.Build.0 = Release|Any CPU
		{1CB220B4-02DB-4609-B747-A22F27F13153}.AppStore|iPhoneSimulator.Deploy.0 = Release|Any CPU
		{1CB220B4-02DB-4609-B747-A22F27F13153}.Debug|Any CPU.ActiveCfg = Debug|Any CPU
		{1CB220B4-02DB-4609-B747-A22F27F13153}.Debug|Any CPU.Build.0 = Debug|Any CPU
		{1CB220B4-02DB-4609-B747-A22F27F13153}.Debug|Any CPU.Deploy.0 = Debug|Any CPU
		{1CB220B4-02DB-4609-B747-A22F27F13153}.Debug|iPhone.ActiveCfg = Debug|Any CPU
		{1CB220B4-02DB-4609-B747-A22F27F13153}.Debug|iPhone.Build.0 = Debug|Any CPU
		{1CB220B4-02DB-4609-B747-A22F27F13153}.Debug|iPhone.Deploy.0 = Debug|Any CPU
		{1CB220B4-02DB-4609-B747-A22F27F13153}.Debug|iPhoneSimulator.ActiveCfg = Debug|Any CPU
		{1CB220B4-02DB-4609-B747-A22F27F13153}.Debug|iPhoneSimulator.Build.0 = Debug|Any CPU
		{1CB220B4-02DB-4609-B747-A22F27F13153}.Debug|iPhoneSimulator.Deploy.0 = Debug|Any CPU
		{1CB220B4-02DB-4609-B747-A22F27F13153}.Release|Any CPU.ActiveCfg = Release|Any CPU
		{1CB220B4-02DB-4609-B747-A22F27F13153}.Release|Any CPU.Build.0 = Release|Any CPU
		{1CB220B4-02DB-4609-B747-A22F27F13153}.Release|Any CPU.Deploy.0 = Release|Any CPU
		{1CB220B4-02DB-4609-B747-A22F27F13153}.Release|iPhone.ActiveCfg = Release|Any CPU
		{1CB220B4-02DB-4609-B747-A22F27F13153}.Release|iPhone.Build.0 = Release|Any CPU
		{1CB220B4-02DB-4609-B747-A22F27F13153}.Release|iPhone.Deploy.0 = Release|Any CPU
		{1CB220B4-02DB-4609-B747-A22F27F13153}.Release|iPhoneSimulator.ActiveCfg = Release|Any CPU
		{1CB220B4-02DB-4609-B747-A22F27F13153}.Release|iPhoneSimulator.Build.0 = Release|Any CPU
		{1CB220B4-02DB-4609-B747-A22F27F13153}.Release|iPhoneSimulator.Deploy.0 = Release|Any CPU
		{3104ADE7-A270-42CC-AEFC-0CBE4FD28DF7}.Ad-Hoc|Any CPU.ActiveCfg = Release|Any CPU
		{3104ADE7-A270-42CC-AEFC-0CBE4FD28DF7}.Ad-Hoc|Any CPU.Build.0 = Release|Any CPU
		{3104ADE7-A270-42CC-AEFC-0CBE4FD28DF7}.Ad-Hoc|iPhone.ActiveCfg = Release|Any CPU
		{3104ADE7-A270-42CC-AEFC-0CBE4FD28DF7}.Ad-Hoc|iPhone.Build.0 = Release|Any CPU
		{3104ADE7-A270-42CC-AEFC-0CBE4FD28DF7}.Ad-Hoc|iPhoneSimulator.ActiveCfg = Release|Any CPU
		{3104ADE7-A270-42CC-AEFC-0CBE4FD28DF7}.Ad-Hoc|iPhoneSimulator.Build.0 = Release|Any CPU
		{3104ADE7-A270-42CC-AEFC-0CBE4FD28DF7}.AppStore|Any CPU.ActiveCfg = Release|Any CPU
		{3104ADE7-A270-42CC-AEFC-0CBE4FD28DF7}.AppStore|Any CPU.Build.0 = Release|Any CPU
		{3104ADE7-A270-42CC-AEFC-0CBE4FD28DF7}.AppStore|iPhone.ActiveCfg = Release|Any CPU
		{3104ADE7-A270-42CC-AEFC-0CBE4FD28DF7}.AppStore|iPhone.Build.0 = Release|Any CPU
		{3104ADE7-A270-42CC-AEFC-0CBE4FD28DF7}.AppStore|iPhoneSimulator.ActiveCfg = Release|Any CPU
		{3104ADE7-A270-42CC-AEFC-0CBE4FD28DF7}.AppStore|iPhoneSimulator.Build.0 = Release|Any CPU
		{3104ADE7-A270-42CC-AEFC-0CBE4FD28DF7}.Debug|Any CPU.ActiveCfg = Debug|Any CPU
		{3104ADE7-A270-42CC-AEFC-0CBE4FD28DF7}.Debug|Any CPU.Build.0 = Debug|Any CPU
		{3104ADE7-A270-42CC-AEFC-0CBE4FD28DF7}.Debug|iPhone.ActiveCfg = Debug|Any CPU
		{3104ADE7-A270-42CC-AEFC-0CBE4FD28DF7}.Debug|iPhone.Build.0 = Debug|Any CPU
		{3104ADE7-A270-42CC-AEFC-0CBE4FD28DF7}.Debug|iPhoneSimulator.ActiveCfg = Debug|Any CPU
		{3104ADE7-A270-42CC-AEFC-0CBE4FD28DF7}.Debug|iPhoneSimulator.Build.0 = Debug|Any CPU
		{3104ADE7-A270-42CC-AEFC-0CBE4FD28DF7}.Release|Any CPU.ActiveCfg = Release|Any CPU
		{3104ADE7-A270-42CC-AEFC-0CBE4FD28DF7}.Release|Any CPU.Build.0 = Release|Any CPU
		{3104ADE7-A270-42CC-AEFC-0CBE4FD28DF7}.Release|iPhone.ActiveCfg = Release|Any CPU
		{3104ADE7-A270-42CC-AEFC-0CBE4FD28DF7}.Release|iPhone.Build.0 = Release|Any CPU
		{3104ADE7-A270-42CC-AEFC-0CBE4FD28DF7}.Release|iPhoneSimulator.ActiveCfg = Release|Any CPU
		{3104ADE7-A270-42CC-AEFC-0CBE4FD28DF7}.Release|iPhoneSimulator.Build.0 = Release|Any CPU
		{FCA2B581-149A-41FE-94CD-5C28D35F3C4D}.Ad-Hoc|Any CPU.ActiveCfg = Ad-Hoc|iPhoneSimulator
		{FCA2B581-149A-41FE-94CD-5C28D35F3C4D}.Ad-Hoc|iPhone.ActiveCfg = Ad-Hoc|iPhone
		{FCA2B581-149A-41FE-94CD-5C28D35F3C4D}.Ad-Hoc|iPhone.Build.0 = Ad-Hoc|iPhone
		{FCA2B581-149A-41FE-94CD-5C28D35F3C4D}.Ad-Hoc|iPhoneSimulator.ActiveCfg = Ad-Hoc|iPhoneSimulator
		{FCA2B581-149A-41FE-94CD-5C28D35F3C4D}.Ad-Hoc|iPhoneSimulator.Build.0 = Ad-Hoc|iPhoneSimulator
		{FCA2B581-149A-41FE-94CD-5C28D35F3C4D}.AppStore|Any CPU.ActiveCfg = AppStore|iPhoneSimulator
		{FCA2B581-149A-41FE-94CD-5C28D35F3C4D}.AppStore|iPhone.ActiveCfg = AppStore|iPhone
		{FCA2B581-149A-41FE-94CD-5C28D35F3C4D}.AppStore|iPhone.Build.0 = AppStore|iPhone
		{FCA2B581-149A-41FE-94CD-5C28D35F3C4D}.AppStore|iPhoneSimulator.ActiveCfg = AppStore|iPhoneSimulator
		{FCA2B581-149A-41FE-94CD-5C28D35F3C4D}.AppStore|iPhoneSimulator.Build.0 = AppStore|iPhoneSimulator
		{FCA2B581-149A-41FE-94CD-5C28D35F3C4D}.Debug|Any CPU.ActiveCfg = Debug|iPhoneSimulator
		{FCA2B581-149A-41FE-94CD-5C28D35F3C4D}.Debug|iPhone.ActiveCfg = Debug|iPhone
		{FCA2B581-149A-41FE-94CD-5C28D35F3C4D}.Debug|iPhone.Build.0 = Debug|iPhone
		{FCA2B581-149A-41FE-94CD-5C28D35F3C4D}.Debug|iPhoneSimulator.ActiveCfg = Debug|iPhoneSimulator
		{FCA2B581-149A-41FE-94CD-5C28D35F3C4D}.Debug|iPhoneSimulator.Build.0 = Debug|iPhoneSimulator
		{FCA2B581-149A-41FE-94CD-5C28D35F3C4D}.Release|Any CPU.ActiveCfg = Release|iPhoneSimulator
		{FCA2B581-149A-41FE-94CD-5C28D35F3C4D}.Release|iPhone.ActiveCfg = Release|iPhone
		{FCA2B581-149A-41FE-94CD-5C28D35F3C4D}.Release|iPhone.Build.0 = Release|iPhone
		{FCA2B581-149A-41FE-94CD-5C28D35F3C4D}.Release|iPhoneSimulator.ActiveCfg = Release|iPhoneSimulator
		{FCA2B581-149A-41FE-94CD-5C28D35F3C4D}.Release|iPhoneSimulator.Build.0 = Release|iPhoneSimulator
	EndGlobalSection
	GlobalSection(SolutionProperties) = preSolution
		HideSolutionNode = FALSE
	EndGlobalSection
	GlobalSection(ExtensibilityGlobals) = postSolution
		SolutionGuid = {8A0D744F-EEA1-41E5-92CD-459008CCF036}
	EndGlobalSection
EndGlobal
