
Microsoft Visual Studio Solution File, Format Version 12.00
# Visual Studio 15
VisualStudioVersion = 15.0.27703.2000
MinimumVisualStudioVersion = 10.0.40219.1
Project("{FAE04EC0-301F-11D3-BF4B-00C04F79EFBC}") = "ListView.Android", "ListView\ListView.Android\ListView.Android.csproj", "{6472D82E-398B-4AF8-9486-AA7342B3BB63}"
EndProject
Project("{FAE04EC0-301F-11D3-BF4B-00C04F79EFBC}") = "ListView.iOS", "ListView\ListView.iOS\ListView.iOS.csproj", "{569A6D0E-8905-4C71-BFAE-E9759D200C12}"
EndProject
Project("{FAE04EC0-301F-11D3-BF4B-00C04F79EFBC}") = "ListView", "ListView\ListView\ListView.csproj", "{901CC537-5CE0-4960-AFAF-A3D14B2ACD00}"
EndProject
Project("{9A19103F-16F7-4668-BE54-9A1E7A4F7556}") = "Aurender.Core", "..\..\App_V3\Aurender\Aurender.Core\Aurender.Core.csproj", "{DA683701-F61C-4B90-A102-F4444B691480}"
EndProject
Project("{9A19103F-16F7-4668-BE54-9A1E7A4F7556}") = "SQLite-net-std", "..\..\App_V3\SQLite.Net-PCL\nuget\SQLite-net-std\SQLite-net-std.csproj", "{10D8A3A0-5B2F-4C9E-A7C8-F8DFCE2F7E22}"
EndProject
Global
	GlobalSection(SolutionConfigurationPlatforms) = preSolution
		Ad-Hoc|Any CPU = Ad-Hoc|Any CPU
		Ad-Hoc|iPhone = Ad-Hoc|iPhone
		Ad-Hoc|iPhoneSimulator = Ad-Hoc|iPhoneSimulator
		AppStore|Any CPU = AppStore|Any CPU
		AppStore|iPhone = AppStore|iPhone
		AppStore|iPhoneSimulator = AppStore|iPhoneSimulator
		Debug|Any CPU = Debug|Any CPU
		Debug|iPhone = Debug|iPhone
		Debug|iPhoneSimulator = Debug|iPhoneSimulator
		EMULATOR|Any CPU = EMULATOR|Any CPU
		EMULATOR|iPhone = EMULATOR|iPhone
		EMULATOR|iPhoneSimulator = EMULATOR|iPhoneSimulator
		ERIC_DEBUG|Any CPU = ERIC_DEBUG|Any CPU
		ERIC_DEBUG|iPhone = ERIC_DEBUG|iPhone
		ERIC_DEBUG|iPhoneSimulator = ERIC_DEBUG|iPhoneSimulator
		Release|Any CPU = Release|Any CPU
		Release|iPhone = Release|iPhone
		Release|iPhoneSimulator = Release|iPhoneSimulator
	EndGlobalSection
	GlobalSection(ProjectConfigurationPlatforms) = postSolution
		{6472D82E-398B-4AF8-9486-AA7342B3BB63}.Ad-Hoc|Any CPU.ActiveCfg = Release|Any CPU
		{6472D82E-398B-4AF8-9486-AA7342B3BB63}.Ad-Hoc|Any CPU.Build.0 = Release|Any CPU
		{6472D82E-398B-4AF8-9486-AA7342B3BB63}.Ad-Hoc|Any CPU.Deploy.0 = Release|Any CPU
		{6472D82E-398B-4AF8-9486-AA7342B3BB63}.Ad-Hoc|iPhone.ActiveCfg = Release|Any CPU
		{6472D82E-398B-4AF8-9486-AA7342B3BB63}.Ad-Hoc|iPhone.Build.0 = Release|Any CPU
		{6472D82E-398B-4AF8-9486-AA7342B3BB63}.Ad-Hoc|iPhone.Deploy.0 = Release|Any CPU
		{6472D82E-398B-4AF8-9486-AA7342B3BB63}.Ad-Hoc|iPhoneSimulator.ActiveCfg = Release|Any CPU
		{6472D82E-398B-4AF8-9486-AA7342B3BB63}.Ad-Hoc|iPhoneSimulator.Build.0 = Release|Any CPU
		{6472D82E-398B-4AF8-9486-AA7342B3BB63}.Ad-Hoc|iPhoneSimulator.Deploy.0 = Release|Any CPU
		{6472D82E-398B-4AF8-9486-AA7342B3BB63}.AppStore|Any CPU.ActiveCfg = Release|Any CPU
		{6472D82E-398B-4AF8-9486-AA7342B3BB63}.AppStore|Any CPU.Build.0 = Release|Any CPU
		{6472D82E-398B-4AF8-9486-AA7342B3BB63}.AppStore|Any CPU.Deploy.0 = Release|Any CPU
		{6472D82E-398B-4AF8-9486-AA7342B3BB63}.AppStore|iPhone.ActiveCfg = Release|Any CPU
		{6472D82E-398B-4AF8-9486-AA7342B3BB63}.AppStore|iPhone.Build.0 = Release|Any CPU
		{6472D82E-398B-4AF8-9486-AA7342B3BB63}.AppStore|iPhone.Deploy.0 = Release|Any CPU
		{6472D82E-398B-4AF8-9486-AA7342B3BB63}.AppStore|iPhoneSimulator.ActiveCfg = Release|Any CPU
		{6472D82E-398B-4AF8-9486-AA7342B3BB63}.AppStore|iPhoneSimulator.Build.0 = Release|Any CPU
		{6472D82E-398B-4AF8-9486-AA7342B3BB63}.AppStore|iPhoneSimulator.Deploy.0 = Release|Any CPU
		{6472D82E-398B-4AF8-9486-AA7342B3BB63}.Debug|Any CPU.ActiveCfg = Debug|Any CPU
		{6472D82E-398B-4AF8-9486-AA7342B3BB63}.Debug|Any CPU.Build.0 = Debug|Any CPU
		{6472D82E-398B-4AF8-9486-AA7342B3BB63}.Debug|Any CPU.Deploy.0 = Debug|Any CPU
		{6472D82E-398B-4AF8-9486-AA7342B3BB63}.Debug|iPhone.ActiveCfg = Debug|Any CPU
		{6472D82E-398B-4AF8-9486-AA7342B3BB63}.Debug|iPhone.Build.0 = Debug|Any CPU
		{6472D82E-398B-4AF8-9486-AA7342B3BB63}.Debug|iPhone.Deploy.0 = Debug|Any CPU
		{6472D82E-398B-4AF8-9486-AA7342B3BB63}.Debug|iPhoneSimulator.ActiveCfg = Debug|Any CPU
		{6472D82E-398B-4AF8-9486-AA7342B3BB63}.Debug|iPhoneSimulator.Build.0 = Debug|Any CPU
		{6472D82E-398B-4AF8-9486-AA7342B3BB63}.Debug|iPhoneSimulator.Deploy.0 = Debug|Any CPU
		{6472D82E-398B-4AF8-9486-AA7342B3BB63}.EMULATOR|Any CPU.ActiveCfg = Release|Any CPU
		{6472D82E-398B-4AF8-9486-AA7342B3BB63}.EMULATOR|Any CPU.Build.0 = Release|Any CPU
		{6472D82E-398B-4AF8-9486-AA7342B3BB63}.EMULATOR|Any CPU.Deploy.0 = Release|Any CPU
		{6472D82E-398B-4AF8-9486-AA7342B3BB63}.EMULATOR|iPhone.ActiveCfg = Release|Any CPU
		{6472D82E-398B-4AF8-9486-AA7342B3BB63}.EMULATOR|iPhone.Build.0 = Release|Any CPU
		{6472D82E-398B-4AF8-9486-AA7342B3BB63}.EMULATOR|iPhone.Deploy.0 = Release|Any CPU
		{6472D82E-398B-4AF8-9486-AA7342B3BB63}.EMULATOR|iPhoneSimulator.ActiveCfg = Release|Any CPU
		{6472D82E-398B-4AF8-9486-AA7342B3BB63}.EMULATOR|iPhoneSimulator.Build.0 = Release|Any CPU
		{6472D82E-398B-4AF8-9486-AA7342B3BB63}.EMULATOR|iPhoneSimulator.Deploy.0 = Release|Any CPU
		{6472D82E-398B-4AF8-9486-AA7342B3BB63}.ERIC_DEBUG|Any CPU.ActiveCfg = Release|Any CPU
		{6472D82E-398B-4AF8-9486-AA7342B3BB63}.ERIC_DEBUG|Any CPU.Build.0 = Release|Any CPU
		{6472D82E-398B-4AF8-9486-AA7342B3BB63}.ERIC_DEBUG|Any CPU.Deploy.0 = Release|Any CPU
		{6472D82E-398B-4AF8-9486-AA7342B3BB63}.ERIC_DEBUG|iPhone.ActiveCfg = Release|Any CPU
		{6472D82E-398B-4AF8-9486-AA7342B3BB63}.ERIC_DEBUG|iPhone.Build.0 = Release|Any CPU
		{6472D82E-398B-4AF8-9486-AA7342B3BB63}.ERIC_DEBUG|iPhone.Deploy.0 = Release|Any CPU
		{6472D82E-398B-4AF8-9486-AA7342B3BB63}.ERIC_DEBUG|iPhoneSimulator.ActiveCfg = Release|Any CPU
		{6472D82E-398B-4AF8-9486-AA7342B3BB63}.ERIC_DEBUG|iPhoneSimulator.Build.0 = Release|Any CPU
		{6472D82E-398B-4AF8-9486-AA7342B3BB63}.ERIC_DEBUG|iPhoneSimulator.Deploy.0 = Release|Any CPU
		{6472D82E-398B-4AF8-9486-AA7342B3BB63}.Release|Any CPU.ActiveCfg = Release|Any CPU
		{6472D82E-398B-4AF8-9486-AA7342B3BB63}.Release|Any CPU.Build.0 = Release|Any CPU
		{6472D82E-398B-4AF8-9486-AA7342B3BB63}.Release|Any CPU.Deploy.0 = Release|Any CPU
		{6472D82E-398B-4AF8-9486-AA7342B3BB63}.Release|iPhone.ActiveCfg = Release|Any CPU
		{6472D82E-398B-4AF8-9486-AA7342B3BB63}.Release|iPhone.Build.0 = Release|Any CPU
		{6472D82E-398B-4AF8-9486-AA7342B3BB63}.Release|iPhone.Deploy.0 = Release|Any CPU
		{6472D82E-398B-4AF8-9486-AA7342B3BB63}.Release|iPhoneSimulator.ActiveCfg = Release|Any CPU
		{6472D82E-398B-4AF8-9486-AA7342B3BB63}.Release|iPhoneSimulator.Build.0 = Release|Any CPU
		{6472D82E-398B-4AF8-9486-AA7342B3BB63}.Release|iPhoneSimulator.Deploy.0 = Release|Any CPU
		{569A6D0E-8905-4C71-BFAE-E9759D200C12}.Ad-Hoc|Any CPU.ActiveCfg = Ad-Hoc|iPhone
		{569A6D0E-8905-4C71-BFAE-E9759D200C12}.Ad-Hoc|Any CPU.Build.0 = Ad-Hoc|iPhone
		{569A6D0E-8905-4C71-BFAE-E9759D200C12}.Ad-Hoc|Any CPU.Deploy.0 = Ad-Hoc|iPhone
		{569A6D0E-8905-4C71-BFAE-E9759D200C12}.Ad-Hoc|iPhone.ActiveCfg = Ad-Hoc|iPhone
		{569A6D0E-8905-4C71-BFAE-E9759D200C12}.Ad-Hoc|iPhone.Build.0 = Ad-Hoc|iPhone
		{569A6D0E-8905-4C71-BFAE-E9759D200C12}.Ad-Hoc|iPhone.Deploy.0 = Ad-Hoc|iPhone
		{569A6D0E-8905-4C71-BFAE-E9759D200C12}.Ad-Hoc|iPhoneSimulator.ActiveCfg = Ad-Hoc|iPhoneSimulator
		{569A6D0E-8905-4C71-BFAE-E9759D200C12}.Ad-Hoc|iPhoneSimulator.Build.0 = Ad-Hoc|iPhoneSimulator
		{569A6D0E-8905-4C71-BFAE-E9759D200C12}.Ad-Hoc|iPhoneSimulator.Deploy.0 = Ad-Hoc|iPhoneSimulator
		{569A6D0E-8905-4C71-BFAE-E9759D200C12}.AppStore|Any CPU.ActiveCfg = AppStore|iPhone
		{569A6D0E-8905-4C71-BFAE-E9759D200C12}.AppStore|Any CPU.Build.0 = AppStore|iPhone
		{569A6D0E-8905-4C71-BFAE-E9759D200C12}.AppStore|Any CPU.Deploy.0 = AppStore|iPhone
		{569A6D0E-8905-4C71-BFAE-E9759D200C12}.AppStore|iPhone.ActiveCfg = AppStore|iPhone
		{569A6D0E-8905-4C71-BFAE-E9759D200C12}.AppStore|iPhone.Build.0 = AppStore|iPhone
		{569A6D0E-8905-4C71-BFAE-E9759D200C12}.AppStore|iPhone.Deploy.0 = AppStore|iPhone
		{569A6D0E-8905-4C71-BFAE-E9759D200C12}.AppStore|iPhoneSimulator.ActiveCfg = AppStore|iPhoneSimulator
		{569A6D0E-8905-4C71-BFAE-E9759D200C12}.AppStore|iPhoneSimulator.Build.0 = AppStore|iPhoneSimulator
		{569A6D0E-8905-4C71-BFAE-E9759D200C12}.AppStore|iPhoneSimulator.Deploy.0 = AppStore|iPhoneSimulator
		{569A6D0E-8905-4C71-BFAE-E9759D200C12}.Debug|Any CPU.ActiveCfg = Debug|iPhoneSimulator
		{569A6D0E-8905-4C71-BFAE-E9759D200C12}.Debug|Any CPU.Build.0 = Debug|iPhoneSimulator
		{569A6D0E-8905-4C71-BFAE-E9759D200C12}.Debug|Any CPU.Deploy.0 = Debug|iPhoneSimulator
		{569A6D0E-8905-4C71-BFAE-E9759D200C12}.Debug|iPhone.ActiveCfg = Debug|iPhone
		{569A6D0E-8905-4C71-BFAE-E9759D200C12}.Debug|iPhone.Build.0 = Debug|iPhone
		{569A6D0E-8905-4C71-BFAE-E9759D200C12}.Debug|iPhone.Deploy.0 = Debug|iPhone
		{569A6D0E-8905-4C71-BFAE-E9759D200C12}.Debug|iPhoneSimulator.ActiveCfg = Debug|iPhoneSimulator
		{569A6D0E-8905-4C71-BFAE-E9759D200C12}.Debug|iPhoneSimulator.Build.0 = Debug|iPhoneSimulator
		{569A6D0E-8905-4C71-BFAE-E9759D200C12}.Debug|iPhoneSimulator.Deploy.0 = Debug|iPhoneSimulator
		{569A6D0E-8905-4C71-BFAE-E9759D200C12}.EMULATOR|Any CPU.ActiveCfg = AppStore|iPhone
		{569A6D0E-8905-4C71-BFAE-E9759D200C12}.EMULATOR|Any CPU.Build.0 = AppStore|iPhone
		{569A6D0E-8905-4C71-BFAE-E9759D200C12}.EMULATOR|iPhone.ActiveCfg = AppStore|iPhone
		{569A6D0E-8905-4C71-BFAE-E9759D200C12}.EMULATOR|iPhone.Build.0 = AppStore|iPhone
		{569A6D0E-8905-4C71-BFAE-E9759D200C12}.EMULATOR|iPhoneSimulator.ActiveCfg = AppStore|iPhoneSimulator
		{569A6D0E-8905-4C71-BFAE-E9759D200C12}.EMULATOR|iPhoneSimulator.Build.0 = AppStore|iPhoneSimulator
		{569A6D0E-8905-4C71-BFAE-E9759D200C12}.ERIC_DEBUG|Any CPU.ActiveCfg = AppStore|iPhone
		{569A6D0E-8905-4C71-BFAE-E9759D200C12}.ERIC_DEBUG|Any CPU.Build.0 = AppStore|iPhone
		{569A6D0E-8905-4C71-BFAE-E9759D200C12}.ERIC_DEBUG|iPhone.ActiveCfg = AppStore|iPhone
		{569A6D0E-8905-4C71-BFAE-E9759D200C12}.ERIC_DEBUG|iPhone.Build.0 = AppStore|iPhone
		{569A6D0E-8905-4C71-BFAE-E9759D200C12}.ERIC_DEBUG|iPhoneSimulator.ActiveCfg = AppStore|iPhoneSimulator
		{569A6D0E-8905-4C71-BFAE-E9759D200C12}.ERIC_DEBUG|iPhoneSimulator.Build.0 = AppStore|iPhoneSimulator
		{569A6D0E-8905-4C71-BFAE-E9759D200C12}.Release|Any CPU.ActiveCfg = Release|iPhone
		{569A6D0E-8905-4C71-BFAE-E9759D200C12}.Release|Any CPU.Build.0 = Release|iPhone
		{569A6D0E-8905-4C71-BFAE-E9759D200C12}.Release|Any CPU.Deploy.0 = Release|iPhone
		{569A6D0E-8905-4C71-BFAE-E9759D200C12}.Release|iPhone.ActiveCfg = Release|iPhone
		{569A6D0E-8905-4C71-BFAE-E9759D200C12}.Release|iPhone.Build.0 = Release|iPhone
		{569A6D0E-8905-4C71-BFAE-E9759D200C12}.Release|iPhone.Deploy.0 = Release|iPhone
		{569A6D0E-8905-4C71-BFAE-E9759D200C12}.Release|iPhoneSimulator.ActiveCfg = Release|iPhoneSimulator
		{569A6D0E-8905-4C71-BFAE-E9759D200C12}.Release|iPhoneSimulator.Build.0 = Release|iPhoneSimulator
		{569A6D0E-8905-4C71-BFAE-E9759D200C12}.Release|iPhoneSimulator.Deploy.0 = Release|iPhoneSimulator
		{901CC537-5CE0-4960-AFAF-A3D14B2ACD00}.Ad-Hoc|Any CPU.ActiveCfg = Debug|Any CPU
		{901CC537-5CE0-4960-AFAF-A3D14B2ACD00}.Ad-Hoc|Any CPU.Build.0 = Debug|Any CPU
		{901CC537-5CE0-4960-AFAF-A3D14B2ACD00}.Ad-Hoc|Any CPU.Deploy.0 = Debug|Any CPU
		{901CC537-5CE0-4960-AFAF-A3D14B2ACD00}.Ad-Hoc|iPhone.ActiveCfg = Debug|Any CPU
		{901CC537-5CE0-4960-AFAF-A3D14B2ACD00}.Ad-Hoc|iPhone.Build.0 = Debug|Any CPU
		{901CC537-5CE0-4960-AFAF-A3D14B2ACD00}.Ad-Hoc|iPhone.Deploy.0 = Debug|Any CPU
		{901CC537-5CE0-4960-AFAF-A3D14B2ACD00}.Ad-Hoc|iPhoneSimulator.ActiveCfg = Debug|Any CPU
		{901CC537-5CE0-4960-AFAF-A3D14B2ACD00}.Ad-Hoc|iPhoneSimulator.Build.0 = Debug|Any CPU
		{901CC537-5CE0-4960-AFAF-A3D14B2ACD00}.Ad-Hoc|iPhoneSimulator.Deploy.0 = Debug|Any CPU
		{901CC537-5CE0-4960-AFAF-A3D14B2ACD00}.AppStore|Any CPU.ActiveCfg = Debug|Any CPU
		{901CC537-5CE0-4960-AFAF-A3D14B2ACD00}.AppStore|Any CPU.Build.0 = Debug|Any CPU
		{901CC537-5CE0-4960-AFAF-A3D14B2ACD00}.AppStore|Any CPU.Deploy.0 = Debug|Any CPU
		{901CC537-5CE0-4960-AFAF-A3D14B2ACD00}.AppStore|iPhone.ActiveCfg = Debug|Any CPU
		{901CC537-5CE0-4960-AFAF-A3D14B2ACD00}.AppStore|iPhone.Build.0 = Debug|Any CPU
		{901CC537-5CE0-4960-AFAF-A3D14B2ACD00}.AppStore|iPhone.Deploy.0 = Debug|Any CPU
		{901CC537-5CE0-4960-AFAF-A3D14B2ACD00}.AppStore|iPhoneSimulator.ActiveCfg = Debug|Any CPU
		{901CC537-5CE0-4960-AFAF-A3D14B2ACD00}.AppStore|iPhoneSimulator.Build.0 = Debug|Any CPU
		{901CC537-5CE0-4960-AFAF-A3D14B2ACD00}.AppStore|iPhoneSimulator.Deploy.0 = Debug|Any CPU
		{901CC537-5CE0-4960-AFAF-A3D14B2ACD00}.Debug|Any CPU.ActiveCfg = Debug|Any CPU
		{901CC537-5CE0-4960-AFAF-A3D14B2ACD00}.Debug|Any CPU.Build.0 = Debug|Any CPU
		{901CC537-5CE0-4960-AFAF-A3D14B2ACD00}.Debug|Any CPU.Deploy.0 = Debug|Any CPU
		{901CC537-5CE0-4960-AFAF-A3D14B2ACD00}.Debug|iPhone.ActiveCfg = Debug|Any CPU
		{901CC537-5CE0-4960-AFAF-A3D14B2ACD00}.Debug|iPhone.Build.0 = Debug|Any CPU
		{901CC537-5CE0-4960-AFAF-A3D14B2ACD00}.Debug|iPhone.Deploy.0 = Debug|Any CPU
		{901CC537-5CE0-4960-AFAF-A3D14B2ACD00}.Debug|iPhoneSimulator.ActiveCfg = Debug|Any CPU
		{901CC537-5CE0-4960-AFAF-A3D14B2ACD00}.Debug|iPhoneSimulator.Build.0 = Debug|Any CPU
		{901CC537-5CE0-4960-AFAF-A3D14B2ACD00}.Debug|iPhoneSimulator.Deploy.0 = Debug|Any CPU
		{901CC537-5CE0-4960-AFAF-A3D14B2ACD00}.EMULATOR|Any CPU.ActiveCfg = Debug|Any CPU
		{901CC537-5CE0-4960-AFAF-A3D14B2ACD00}.EMULATOR|Any CPU.Build.0 = Debug|Any CPU
		{901CC537-5CE0-4960-AFAF-A3D14B2ACD00}.EMULATOR|iPhone.ActiveCfg = Debug|Any CPU
		{901CC537-5CE0-4960-AFAF-A3D14B2ACD00}.EMULATOR|iPhone.Build.0 = Debug|Any CPU
		{901CC537-5CE0-4960-AFAF-A3D14B2ACD00}.EMULATOR|iPhoneSimulator.ActiveCfg = Debug|Any CPU
		{901CC537-5CE0-4960-AFAF-A3D14B2ACD00}.EMULATOR|iPhoneSimulator.Build.0 = Debug|Any CPU
		{901CC537-5CE0-4960-AFAF-A3D14B2ACD00}.ERIC_DEBUG|Any CPU.ActiveCfg = Debug|Any CPU
		{901CC537-5CE0-4960-AFAF-A3D14B2ACD00}.ERIC_DEBUG|Any CPU.Build.0 = Debug|Any CPU
		{901CC537-5CE0-4960-AFAF-A3D14B2ACD00}.ERIC_DEBUG|iPhone.ActiveCfg = Debug|Any CPU
		{901CC537-5CE0-4960-AFAF-A3D14B2ACD00}.ERIC_DEBUG|iPhone.Build.0 = Debug|Any CPU
		{901CC537-5CE0-4960-AFAF-A3D14B2ACD00}.ERIC_DEBUG|iPhoneSimulator.ActiveCfg = Debug|Any CPU
		{901CC537-5CE0-4960-AFAF-A3D14B2ACD00}.ERIC_DEBUG|iPhoneSimulator.Build.0 = Debug|Any CPU
		{901CC537-5CE0-4960-AFAF-A3D14B2ACD00}.Release|Any CPU.ActiveCfg = Release|Any CPU
		{901CC537-5CE0-4960-AFAF-A3D14B2ACD00}.Release|Any CPU.Build.0 = Release|Any CPU
		{901CC537-5CE0-4960-AFAF-A3D14B2ACD00}.Release|Any CPU.Deploy.0 = Release|Any CPU
		{901CC537-5CE0-4960-AFAF-A3D14B2ACD00}.Release|iPhone.ActiveCfg = Release|Any CPU
		{901CC537-5CE0-4960-AFAF-A3D14B2ACD00}.Release|iPhone.Build.0 = Release|Any CPU
		{901CC537-5CE0-4960-AFAF-A3D14B2ACD00}.Release|iPhone.Deploy.0 = Release|Any CPU
		{901CC537-5CE0-4960-AFAF-A3D14B2ACD00}.Release|iPhoneSimulator.ActiveCfg = Release|Any CPU
		{901CC537-5CE0-4960-AFAF-A3D14B2ACD00}.Release|iPhoneSimulator.Build.0 = Release|Any CPU
		{901CC537-5CE0-4960-AFAF-A3D14B2ACD00}.Release|iPhoneSimulator.Deploy.0 = Release|Any CPU
		{DA683701-F61C-4B90-A102-F4444B691480}.Ad-Hoc|Any CPU.ActiveCfg = EMULATOR|Any CPU
		{DA683701-F61C-4B90-A102-F4444B691480}.Ad-Hoc|Any CPU.Build.0 = EMULATOR|Any CPU
		{DA683701-F61C-4B90-A102-F4444B691480}.Ad-Hoc|iPhone.ActiveCfg = EMULATOR|Any CPU
		{DA683701-F61C-4B90-A102-F4444B691480}.Ad-Hoc|iPhone.Build.0 = EMULATOR|Any CPU
		{DA683701-F61C-4B90-A102-F4444B691480}.Ad-Hoc|iPhoneSimulator.ActiveCfg = EMULATOR|Any CPU
		{DA683701-F61C-4B90-A102-F4444B691480}.Ad-Hoc|iPhoneSimulator.Build.0 = EMULATOR|Any CPU
		{DA683701-F61C-4B90-A102-F4444B691480}.AppStore|Any CPU.ActiveCfg = EMULATOR|Any CPU
		{DA683701-F61C-4B90-A102-F4444B691480}.AppStore|Any CPU.Build.0 = EMULATOR|Any CPU
		{DA683701-F61C-4B90-A102-F4444B691480}.AppStore|iPhone.ActiveCfg = EMULATOR|Any CPU
		{DA683701-F61C-4B90-A102-F4444B691480}.AppStore|iPhone.Build.0 = EMULATOR|Any CPU
		{DA683701-F61C-4B90-A102-F4444B691480}.AppStore|iPhoneSimulator.ActiveCfg = EMULATOR|Any CPU
		{DA683701-F61C-4B90-A102-F4444B691480}.AppStore|iPhoneSimulator.Build.0 = EMULATOR|Any CPU
		{DA683701-F61C-4B90-A102-F4444B691480}.Debug|Any CPU.ActiveCfg = Debug|Any CPU
		{DA683701-F61C-4B90-A102-F4444B691480}.Debug|Any CPU.Build.0 = Debug|Any CPU
		{DA683701-F61C-4B90-A102-F4444B691480}.Debug|iPhone.ActiveCfg = Debug|Any CPU
		{DA683701-F61C-4B90-A102-F4444B691480}.Debug|iPhone.Build.0 = Debug|Any CPU
		{DA683701-F61C-4B90-A102-F4444B691480}.Debug|iPhoneSimulator.ActiveCfg = Debug|Any CPU
		{DA683701-F61C-4B90-A102-F4444B691480}.Debug|iPhoneSimulator.Build.0 = Debug|Any CPU
		{DA683701-F61C-4B90-A102-F4444B691480}.EMULATOR|Any CPU.ActiveCfg = EMULATOR|Any CPU
		{DA683701-F61C-4B90-A102-F4444B691480}.EMULATOR|Any CPU.Build.0 = EMULATOR|Any CPU
		{DA683701-F61C-4B90-A102-F4444B691480}.EMULATOR|iPhone.ActiveCfg = EMULATOR|Any CPU
		{DA683701-F61C-4B90-A102-F4444B691480}.EMULATOR|iPhone.Build.0 = EMULATOR|Any CPU
		{DA683701-F61C-4B90-A102-F4444B691480}.EMULATOR|iPhoneSimulator.ActiveCfg = EMULATOR|Any CPU
		{DA683701-F61C-4B90-A102-F4444B691480}.EMULATOR|iPhoneSimulator.Build.0 = EMULATOR|Any CPU
		{DA683701-F61C-4B90-A102-F4444B691480}.ERIC_DEBUG|Any CPU.ActiveCfg = ERIC_DEBUG|Any CPU
		{DA683701-F61C-4B90-A102-F4444B691480}.ERIC_DEBUG|Any CPU.Build.0 = ERIC_DEBUG|Any CPU
		{DA683701-F61C-4B90-A102-F4444B691480}.ERIC_DEBUG|iPhone.ActiveCfg = ERIC_DEBUG|Any CPU
		{DA683701-F61C-4B90-A102-F4444B691480}.ERIC_DEBUG|iPhone.Build.0 = ERIC_DEBUG|Any CPU
		{DA683701-F61C-4B90-A102-F4444B691480}.ERIC_DEBUG|iPhoneSimulator.ActiveCfg = ERIC_DEBUG|Any CPU
		{DA683701-F61C-4B90-A102-F4444B691480}.ERIC_DEBUG|iPhoneSimulator.Build.0 = ERIC_DEBUG|Any CPU
		{DA683701-F61C-4B90-A102-F4444B691480}.Release|Any CPU.ActiveCfg = Release|Any CPU
		{DA683701-F61C-4B90-A102-F4444B691480}.Release|Any CPU.Build.0 = Release|Any CPU
		{DA683701-F61C-4B90-A102-F4444B691480}.Release|iPhone.ActiveCfg = Release|Any CPU
		{DA683701-F61C-4B90-A102-F4444B691480}.Release|iPhone.Build.0 = Release|Any CPU
		{DA683701-F61C-4B90-A102-F4444B691480}.Release|iPhoneSimulator.ActiveCfg = Release|Any CPU
		{DA683701-F61C-4B90-A102-F4444B691480}.Release|iPhoneSimulator.Build.0 = Release|Any CPU
		{10D8A3A0-5B2F-4C9E-A7C8-F8DFCE2F7E22}.Ad-Hoc|Any CPU.ActiveCfg = Debug|Any CPU
		{10D8A3A0-5B2F-4C9E-A7C8-F8DFCE2F7E22}.Ad-Hoc|Any CPU.Build.0 = Debug|Any CPU
		{10D8A3A0-5B2F-4C9E-A7C8-F8DFCE2F7E22}.Ad-Hoc|iPhone.ActiveCfg = Debug|Any CPU
		{10D8A3A0-5B2F-4C9E-A7C8-F8DFCE2F7E22}.Ad-Hoc|iPhone.Build.0 = Debug|Any CPU
		{10D8A3A0-5B2F-4C9E-A7C8-F8DFCE2F7E22}.Ad-Hoc|iPhoneSimulator.ActiveCfg = Debug|Any CPU
		{10D8A3A0-5B2F-4C9E-A7C8-F8DFCE2F7E22}.Ad-Hoc|iPhoneSimulator.Build.0 = Debug|Any CPU
		{10D8A3A0-5B2F-4C9E-A7C8-F8DFCE2F7E22}.AppStore|Any CPU.ActiveCfg = Debug|Any CPU
		{10D8A3A0-5B2F-4C9E-A7C8-F8DFCE2F7E22}.AppStore|Any CPU.Build.0 = Debug|Any CPU
		{10D8A3A0-5B2F-4C9E-A7C8-F8DFCE2F7E22}.AppStore|iPhone.ActiveCfg = Debug|Any CPU
		{10D8A3A0-5B2F-4C9E-A7C8-F8DFCE2F7E22}.AppStore|iPhone.Build.0 = Debug|Any CPU
		{10D8A3A0-5B2F-4C9E-A7C8-F8DFCE2F7E22}.AppStore|iPhoneSimulator.ActiveCfg = Debug|Any CPU
		{10D8A3A0-5B2F-4C9E-A7C8-F8DFCE2F7E22}.AppStore|iPhoneSimulator.Build.0 = Debug|Any CPU
		{10D8A3A0-5B2F-4C9E-A7C8-F8DFCE2F7E22}.Debug|Any CPU.ActiveCfg = Debug|Any CPU
		{10D8A3A0-5B2F-4C9E-A7C8-F8DFCE2F7E22}.Debug|Any CPU.Build.0 = Debug|Any CPU
		{10D8A3A0-5B2F-4C9E-A7C8-F8DFCE2F7E22}.Debug|iPhone.ActiveCfg = Debug|Any CPU
		{10D8A3A0-5B2F-4C9E-A7C8-F8DFCE2F7E22}.Debug|iPhone.Build.0 = Debug|Any CPU
		{10D8A3A0-5B2F-4C9E-A7C8-F8DFCE2F7E22}.Debug|iPhoneSimulator.ActiveCfg = Debug|Any CPU
		{10D8A3A0-5B2F-4C9E-A7C8-F8DFCE2F7E22}.Debug|iPhoneSimulator.Build.0 = Debug|Any CPU
		{10D8A3A0-5B2F-4C9E-A7C8-F8DFCE2F7E22}.EMULATOR|Any CPU.ActiveCfg = Debug|Any CPU
		{10D8A3A0-5B2F-4C9E-A7C8-F8DFCE2F7E22}.EMULATOR|Any CPU.Build.0 = Debug|Any CPU
		{10D8A3A0-5B2F-4C9E-A7C8-F8DFCE2F7E22}.EMULATOR|iPhone.ActiveCfg = Debug|Any CPU
		{10D8A3A0-5B2F-4C9E-A7C8-F8DFCE2F7E22}.EMULATOR|iPhone.Build.0 = Debug|Any CPU
		{10D8A3A0-5B2F-4C9E-A7C8-F8DFCE2F7E22}.EMULATOR|iPhoneSimulator.ActiveCfg = Debug|Any CPU
		{10D8A3A0-5B2F-4C9E-A7C8-F8DFCE2F7E22}.EMULATOR|iPhoneSimulator.Build.0 = Debug|Any CPU
		{10D8A3A0-5B2F-4C9E-A7C8-F8DFCE2F7E22}.ERIC_DEBUG|Any CPU.ActiveCfg = Debug|Any CPU
		{10D8A3A0-5B2F-4C9E-A7C8-F8DFCE2F7E22}.ERIC_DEBUG|Any CPU.Build.0 = Debug|Any CPU
		{10D8A3A0-5B2F-4C9E-A7C8-F8DFCE2F7E22}.ERIC_DEBUG|iPhone.ActiveCfg = Debug|Any CPU
		{10D8A3A0-5B2F-4C9E-A7C8-F8DFCE2F7E22}.ERIC_DEBUG|iPhone.Build.0 = Debug|Any CPU
		{10D8A3A0-5B2F-4C9E-A7C8-F8DFCE2F7E22}.ERIC_DEBUG|iPhoneSimulator.ActiveCfg = Debug|Any CPU
		{10D8A3A0-5B2F-4C9E-A7C8-F8DFCE2F7E22}.ERIC_DEBUG|iPhoneSimulator.Build.0 = Debug|Any CPU
		{10D8A3A0-5B2F-4C9E-A7C8-F8DFCE2F7E22}.Release|Any CPU.ActiveCfg = Release|Any CPU
		{10D8A3A0-5B2F-4C9E-A7C8-F8DFCE2F7E22}.Release|Any CPU.Build.0 = Release|Any CPU
		{10D8A3A0-5B2F-4C9E-A7C8-F8DFCE2F7E22}.Release|iPhone.ActiveCfg = Release|Any CPU
		{10D8A3A0-5B2F-4C9E-A7C8-F8DFCE2F7E22}.Release|iPhone.Build.0 = Release|Any CPU
		{10D8A3A0-5B2F-4C9E-A7C8-F8DFCE2F7E22}.Release|iPhoneSimulator.ActiveCfg = Release|Any CPU
		{10D8A3A0-5B2F-4C9E-A7C8-F8DFCE2F7E22}.Release|iPhoneSimulator.Build.0 = Release|Any CPU
	EndGlobalSection
	GlobalSection(SolutionProperties) = preSolution
		HideSolutionNode = FALSE
	EndGlobalSection
	GlobalSection(ExtensibilityGlobals) = postSolution
		SolutionGuid = {D556BCEA-7B94-45F6-89F0-E49645191BAC}
	EndGlobalSection
EndGlobal
